
Microsoft Visual Studio Solution File, Format Version 12.00
# Visual Studio 14
VisualStudioVersion = 14.0.24720.0
MinimumVisualStudioVersion = 10.0.40219.1
Project("{FAE04EC0-301F-11D3-BF4B-00C04F79EFBC}") = "accountnumber", "accountnumber\accountnumber.csproj", "{71FF5414-A049-4616-8140-6C36F5AA67FC}"
EndProject
Global
	GlobalSection(SolutionConfigurationPlatforms) = preSolution
		Debug|Any CPU = Debug|Any CPU
		Release|Any CPU = Release|Any CPU
	EndGlobalSection
	GlobalSection(ProjectConfigurationPlatforms) = postSolution
		{71FF5414-A049-4616-8140-6C36F5AA67FC}.Debug|Any CPU.ActiveCfg = Debug|Any CPU
		{71FF5414-A049-4616-8140-6C36F5AA67FC}.Debug|Any CPU.Build.0 = Debug|Any CPU
		{71FF5414-A049-4616-8140-6C36F5AA67FC}.Release|Any CPU.ActiveCfg = Release|Any CPU
		{71FF5414-A049-4616-8140-6C36F5AA67FC}.Release|Any CPU.Build.0 = Release|Any CPU
	EndGlobalSection
	GlobalSection(SolutionProperties) = preSolution
		HideSolutionNode = FALSE
	EndGlobalSection
EndGlobal
